
Microsoft Visual Studio Solution File, Format Version 11.00
# Visual Studio 2010
Project("{FAE04EC0-301F-11D3-BF4B-00C04F79EFBC}") = "HD PhotoGraphics", "HD PhotoGraphics\HD PhotoGraphics.csproj", "{53D49641-6654-4C73-8CC7-133BBA3ECCA3}"
EndProject
Global
	GlobalSection(SolutionConfigurationPlatforms) = preSolution
		Debug|x86 = Debug|x86
		Release|x86 = Release|x86
	EndGlobalSection
	GlobalSection(ProjectConfigurationPlatforms) = postSolution
		{53D49641-6654-4C73-8CC7-133BBA3ECCA3}.Debug|x86.ActiveCfg = Debug|x86
		{53D49641-6654-4C73-8CC7-133BBA3ECCA3}.Debug|x86.Build.0 = Debug|x86
		{53D49641-6654-4C73-8CC7-133BBA3ECCA3}.Release|x86.ActiveCfg = Release|x86
		{53D49641-6654-4C73-8CC7-133BBA3ECCA3}.Release|x86.Build.0 = Release|x86
	EndGlobalSection
	GlobalSection(SolutionProperties) = preSolution
		HideSolutionNode = FALSE
	EndGlobalSection
EndGlobal
